{
  "name": "ngram",
  "version": "1.0.0",
  "lockfileVersion": 1,
  "requires": true,
  "dependencies": {
    "fs": {
      "version": "0.0.1-security",
      "resolved": "https://registry.npmjs.org/fs/-/fs-0.0.1-security.tgz",
      "integrity": "sha1-invTcYa23d84E/I4WLV+yq9eQdQ="
    },
    "n-gram-counter": {
      "version": "0.0.0",
      "resolved": "https://registry.npmjs.org/n-gram-counter/-/n-gram-counter-0.0.0.tgz",
      "integrity": "sha512-arT9CBKZXJ/D+Db+tjcEoOwkkSB2PgA6/7jeVJPQ1puDXbglVYnbGKZD3nB0uElmceHIJ2Hst+C1ky51ju2ZHw=="
    }
  }
}
